// !$*UTF8*$!
{
	archiveVersion = 1;
	classes = {
	};
	objectVersion = 50;
	objects = {

/* Begin PBXBuildFile section */
		B50D445922DF3DC800C5D0E8 /* RSSFeederLogin.framework in Frameworks */ = {isa = PBXBuildFile; fileRef = B50D445622DF3DBF00C5D0E8 /* RSSFeederLogin.framework */; };
		B50D445A22DF3DC800C5D0E8 /* RSSFeederLogin.framework in Embed Frameworks */ = {isa = PBXBuildFile; fileRef = B50D445622DF3DBF00C5D0E8 /* RSSFeederLogin.framework */; settings = {ATTRIBUTES = (CodeSignOnCopy, RemoveHeadersOnCopy, ); }; };
		B50D445D22DF3DC800C5D0E8 /* RSSDataLoader.framework in Frameworks */ = {isa = PBXBuildFile; fileRef = B50D444D22DF3DBA00C5D0E8 /* RSSDataLoader.framework */; };
		B50D445E22DF3DC800C5D0E8 /* RSSDataLoader.framework in Embed Frameworks */ = {isa = PBXBuildFile; fileRef = B50D444D22DF3DBA00C5D0E8 /* RSSDataLoader.framework */; settings = {ATTRIBUTES = (CodeSignOnCopy, RemoveHeadersOnCopy, ); }; };
		B50D447722E6EA8900C5D0E8 /* SettingsViewController.swift in Sources */ = {isa = PBXBuildFile; fileRef = B50D447622E6EA8900C5D0E8 /* SettingsViewController.swift */; };
		B50D447922E6EB3C00C5D0E8 /* SettingsView.swift in Sources */ = {isa = PBXBuildFile; fileRef = B50D447822E6EB3C00C5D0E8 /* SettingsView.swift */; };
		B50D447B22E731D200C5D0E8 /* SettingsTableViewCell.swift in Sources */ = {isa = PBXBuildFile; fileRef = B50D447A22E731D200C5D0E8 /* SettingsTableViewCell.swift */; };
		B50D447D22E7349A00C5D0E8 /* SetttingsViewModel.swift in Sources */ = {isa = PBXBuildFile; fileRef = B50D447C22E7349A00C5D0E8 /* SetttingsViewModel.swift */; };
		B50D447F22E85CFB00C5D0E8 /* SettingsModel.swift in Sources */ = {isa = PBXBuildFile; fileRef = B50D447E22E85CFB00C5D0E8 /* SettingsModel.swift */; };
		B50D448122E89C4E00C5D0E8 /* RSSReaderNavigationViewController.swift in Sources */ = {isa = PBXBuildFile; fileRef = B50D448022E89C4E00C5D0E8 /* RSSReaderNavigationViewController.swift */; };
		B50D448322E98D5300C5D0E8 /* FeedListTableViewCell.swift in Sources */ = {isa = PBXBuildFile; fileRef = B50D448222E98D5300C5D0E8 /* FeedListTableViewCell.swift */; };
		B53423BE22DF05E300FB37B7 /* Notes.framework in Frameworks */ = {isa = PBXBuildFile; fileRef = B53423B922DF05D900FB37B7 /* Notes.framework */; };
		B53423BF22DF05E300FB37B7 /* Notes.framework in Embed Frameworks */ = {isa = PBXBuildFile; fileRef = B53423B922DF05D900FB37B7 /* Notes.framework */; settings = {ATTRIBUTES = (CodeSignOnCopy, RemoveHeadersOnCopy, ); }; };
		B563336922EC92B0002043F9 /* FeedViewModelTests.swift in Sources */ = {isa = PBXBuildFile; fileRef = B563336822EC92B0002043F9 /* FeedViewModelTests.swift */; };
		B563336C22EEC347002043F9 /* RSSDataLoaderAdaptor.swift in Sources */ = {isa = PBXBuildFile; fileRef = B563336B22EEC347002043F9 /* RSSDataLoaderAdaptor.swift */; };
		B563336E22EF007F002043F9 /* NotesAdaptor.swift in Sources */ = {isa = PBXBuildFile; fileRef = B563336D22EF007F002043F9 /* NotesAdaptor.swift */; };
		B568EBE9229E5DDC002C67DA /* AppDelegate.swift in Sources */ = {isa = PBXBuildFile; fileRef = B568EBE8229E5DDC002C67DA /* AppDelegate.swift */; };
		B568EBEB229E5DDC002C67DA /* ViewController.swift in Sources */ = {isa = PBXBuildFile; fileRef = B568EBEA229E5DDC002C67DA /* ViewController.swift */; };
		B568EBEE229E5DDC002C67DA /* Main.storyboard in Resources */ = {isa = PBXBuildFile; fileRef = B568EBEC229E5DDC002C67DA /* Main.storyboard */; };
		B568EBF1229E5DDC002C67DA /* RSS_Reader.xcdatamodeld in Sources */ = {isa = PBXBuildFile; fileRef = B568EBEF229E5DDC002C67DA /* RSS_Reader.xcdatamodeld */; };
		B568EBF3229E5DDD002C67DA /* Assets.xcassets in Resources */ = {isa = PBXBuildFile; fileRef = B568EBF2229E5DDD002C67DA /* Assets.xcassets */; };
		B568EBF6229E5DDD002C67DA /* LaunchScreen.storyboard in Resources */ = {isa = PBXBuildFile; fileRef = B568EBF4229E5DDD002C67DA /* LaunchScreen.storyboard */; };
		B568EC01229E5DDD002C67DA /* RSS_ReaderTests.swift in Sources */ = {isa = PBXBuildFile; fileRef = B568EC00229E5DDD002C67DA /* RSS_ReaderTests.swift */; };
		B568EC0C229E5DDD002C67DA /* RSS_ReaderUITests.swift in Sources */ = {isa = PBXBuildFile; fileRef = B568EC0B229E5DDD002C67DA /* RSS_ReaderUITests.swift */; };
		B5C9716322D74BBF000BE928 /* FeedViewController.swift in Sources */ = {isa = PBXBuildFile; fileRef = B5C9716222D74BBF000BE928 /* FeedViewController.swift */; };
		B5C9716522D74C77000BE928 /* FeedViewModel.swift in Sources */ = {isa = PBXBuildFile; fileRef = B5C9716422D74C77000BE928 /* FeedViewModel.swift */; };
		B5C9716722D74D78000BE928 /* FeedView.swift in Sources */ = {isa = PBXBuildFile; fileRef = B5C9716622D74D78000BE928 /* FeedView.swift */; };
		B5C9716D22D89346000BE928 /* FeedModel.swift in Sources */ = {isa = PBXBuildFile; fileRef = B5C9716C22D89346000BE928 /* FeedModel.swift */; };
		B5C9717222DA104F000BE928 /* FeedDetailViewController.swift in Sources */ = {isa = PBXBuildFile; fileRef = B5C9717122DA104F000BE928 /* FeedDetailViewController.swift */; };
		B5C9717722DA2829000BE928 /* BaseViewController.swift in Sources */ = {isa = PBXBuildFile; fileRef = B5C9717622DA2829000BE928 /* BaseViewController.swift */; };
		B5C9717B22DA289F000BE928 /* LoaderViewController.swift in Sources */ = {isa = PBXBuildFile; fileRef = B5C9717922DA289F000BE928 /* LoaderViewController.swift */; };
		B5C9717E22DB10F3000BE928 /* FeedDetailViewModel.swift in Sources */ = {isa = PBXBuildFile; fileRef = B5C9717D22DB10F3000BE928 /* FeedDetailViewModel.swift */; };
/* End PBXBuildFile section */

/* Begin PBXContainerItemProxy section */
		B50D444C22DF3DBA00C5D0E8 /* PBXContainerItemProxy */ = {
			isa = PBXContainerItemProxy;
			containerPortal = B50D444722DF3DBA00C5D0E8 /* RSSDataLoader.xcodeproj */;
			proxyType = 2;
			remoteGlobalIDString = B58DE44122CCD985001A80BB;
			remoteInfo = RSSDataLoader;
		};
		B50D444E22DF3DBA00C5D0E8 /* PBXContainerItemProxy */ = {
			isa = PBXContainerItemProxy;
			containerPortal = B50D444722DF3DBA00C5D0E8 /* RSSDataLoader.xcodeproj */;
			proxyType = 2;
			remoteGlobalIDString = B58DE44A22CCD985001A80BB;
			remoteInfo = RSSDataLoaderTests;
		};
		B50D445522DF3DBF00C5D0E8 /* PBXContainerItemProxy */ = {
			isa = PBXContainerItemProxy;
			containerPortal = B50D445022DF3DBF00C5D0E8 /* RSSFeederLogin.xcodeproj */;
			proxyType = 2;
			remoteGlobalIDString = B58DE3F422CB33DD001A80BB;
			remoteInfo = RSSFeederLogin;
		};
		B50D445722DF3DBF00C5D0E8 /* PBXContainerItemProxy */ = {
			isa = PBXContainerItemProxy;
			containerPortal = B50D445022DF3DBF00C5D0E8 /* RSSFeederLogin.xcodeproj */;
			proxyType = 2;
			remoteGlobalIDString = B58DE3FD22CB33DD001A80BB;
			remoteInfo = RSSFeederLoginTests;
		};
		B50D445B22DF3DC800C5D0E8 /* PBXContainerItemProxy */ = {
			isa = PBXContainerItemProxy;
			containerPortal = B50D445022DF3DBF00C5D0E8 /* RSSFeederLogin.xcodeproj */;
			proxyType = 1;
			remoteGlobalIDString = B58DE3F322CB33DD001A80BB;
			remoteInfo = RSSFeederLogin;
		};
		B50D445F22DF3DC800C5D0E8 /* PBXContainerItemProxy */ = {
			isa = PBXContainerItemProxy;
			containerPortal = B50D444722DF3DBA00C5D0E8 /* RSSDataLoader.xcodeproj */;
			proxyType = 1;
			remoteGlobalIDString = B58DE44022CCD985001A80BB;
			remoteInfo = RSSDataLoader;
		};
		B53423B822DF05D900FB37B7 /* PBXContainerItemProxy */ = {
			isa = PBXContainerItemProxy;
			containerPortal = B53423B322DF05D900FB37B7 /* Notes.xcodeproj */;
			proxyType = 2;
			remoteGlobalIDString = B534239922DF05B300FB37B7;
			remoteInfo = Notes;
		};
		B53423BA22DF05D900FB37B7 /* PBXContainerItemProxy */ = {
			isa = PBXContainerItemProxy;
			containerPortal = B53423B322DF05D900FB37B7 /* Notes.xcodeproj */;
			proxyType = 2;
			remoteGlobalIDString = B53423A222DF05B300FB37B7;
			remoteInfo = NotesTests;
		};
		B53423C022DF05E300FB37B7 /* PBXContainerItemProxy */ = {
			isa = PBXContainerItemProxy;
			containerPortal = B53423B322DF05D900FB37B7 /* Notes.xcodeproj */;
			proxyType = 1;
			remoteGlobalIDString = B534239822DF05B300FB37B7;
			remoteInfo = Notes;
		};
		B568EBFD229E5DDD002C67DA /* PBXContainerItemProxy */ = {
			isa = PBXContainerItemProxy;
			containerPortal = B568EBDD229E5DDC002C67DA /* Project object */;
			proxyType = 1;
			remoteGlobalIDString = B568EBE4229E5DDC002C67DA;
			remoteInfo = "RSS-Reader";
		};
		B568EC08229E5DDD002C67DA /* PBXContainerItemProxy */ = {
			isa = PBXContainerItemProxy;
			containerPortal = B568EBDD229E5DDC002C67DA /* Project object */;
			proxyType = 1;
			remoteGlobalIDString = B568EBE4229E5DDC002C67DA;
			remoteInfo = "RSS-Reader";
		};
/* End PBXContainerItemProxy section */

/* Begin PBXCopyFilesBuildPhase section */
		B50D449922EAE14700C5D0E8 /* Embed App Extensions */ = {
			isa = PBXCopyFilesBuildPhase;
			buildActionMask = 2147483647;
			dstPath = "";
			dstSubfolderSpec = 13;
			files = (
			);
			name = "Embed App Extensions";
			runOnlyForDeploymentPostprocessing = 0;
		};
		B5CF275922D33CB000E4979B /* Embed Frameworks */ = {
			isa = PBXCopyFilesBuildPhase;
			buildActionMask = 2147483647;
			dstPath = "";
			dstSubfolderSpec = 10;
			files = (
				B50D445A22DF3DC800C5D0E8 /* RSSFeederLogin.framework in Embed Frameworks */,
				B53423BF22DF05E300FB37B7 /* Notes.framework in Embed Frameworks */,
				B50D445E22DF3DC800C5D0E8 /* RSSDataLoader.framework in Embed Frameworks */,
			);
			name = "Embed Frameworks";
			runOnlyForDeploymentPostprocessing = 0;
		};
/* End PBXCopyFilesBuildPhase section */

/* Begin PBXFileReference section */
		B50D444722DF3DBA00C5D0E8 /* RSSDataLoader.xcodeproj */ = {isa = PBXFileReference; lastKnownFileType = "wrapper.pb-project"; name = RSSDataLoader.xcodeproj; path = ../RSSDataLoader/RSSDataLoader.xcodeproj; sourceTree = "<group>"; };
		B50D445022DF3DBF00C5D0E8 /* RSSFeederLogin.xcodeproj */ = {isa = PBXFileReference; lastKnownFileType = "wrapper.pb-project"; name = RSSFeederLogin.xcodeproj; path = ../RSSFeederLogin/RSSFeederLogin.xcodeproj; sourceTree = "<group>"; };
		B50D447622E6EA8900C5D0E8 /* SettingsViewController.swift */ = {isa = PBXFileReference; lastKnownFileType = sourcecode.swift; path = SettingsViewController.swift; sourceTree = "<group>"; };
		B50D447822E6EB3C00C5D0E8 /* SettingsView.swift */ = {isa = PBXFileReference; lastKnownFileType = sourcecode.swift; path = SettingsView.swift; sourceTree = "<group>"; };
		B50D447A22E731D200C5D0E8 /* SettingsTableViewCell.swift */ = {isa = PBXFileReference; lastKnownFileType = sourcecode.swift; path = SettingsTableViewCell.swift; sourceTree = "<group>"; };
		B50D447C22E7349A00C5D0E8 /* SetttingsViewModel.swift */ = {isa = PBXFileReference; lastKnownFileType = sourcecode.swift; path = SetttingsViewModel.swift; sourceTree = "<group>"; };
		B50D447E22E85CFB00C5D0E8 /* SettingsModel.swift */ = {isa = PBXFileReference; lastKnownFileType = sourcecode.swift; path = SettingsModel.swift; sourceTree = "<group>"; };
		B50D448022E89C4E00C5D0E8 /* RSSReaderNavigationViewController.swift */ = {isa = PBXFileReference; lastKnownFileType = sourcecode.swift; path = RSSReaderNavigationViewController.swift; sourceTree = "<group>"; };
		B50D448222E98D5300C5D0E8 /* FeedListTableViewCell.swift */ = {isa = PBXFileReference; lastKnownFileType = sourcecode.swift; path = FeedListTableViewCell.swift; sourceTree = "<group>"; };
		B50D448A22EAE14700C5D0E8 /* NotificationCenter.framework */ = {isa = PBXFileReference; lastKnownFileType = wrapper.framework; name = NotificationCenter.framework; path = System/Library/Frameworks/NotificationCenter.framework; sourceTree = SDKROOT; };
		B50D448D22EAE14700C5D0E8 /* TodayViewController.swift */ = {isa = PBXFileReference; lastKnownFileType = sourcecode.swift; path = TodayViewController.swift; sourceTree = "<group>"; };
		B50D449022EAE14700C5D0E8 /* Base */ = {isa = PBXFileReference; lastKnownFileType = file.storyboard; name = Base; path = Base.lproj/MainInterface.storyboard; sourceTree = "<group>"; };
		B50D449222EAE14700C5D0E8 /* Info.plist */ = {isa = PBXFileReference; lastKnownFileType = text.plist.xml; path = Info.plist; sourceTree = "<group>"; };
		B53423B322DF05D900FB37B7 /* Notes.xcodeproj */ = {isa = PBXFileReference; lastKnownFileType = "wrapper.pb-project"; name = Notes.xcodeproj; path = ../Notes/Notes.xcodeproj; sourceTree = "<group>"; };
		B563336822EC92B0002043F9 /* FeedViewModelTests.swift */ = {isa = PBXFileReference; lastKnownFileType = sourcecode.swift; path = FeedViewModelTests.swift; sourceTree = "<group>"; };
		B563336B22EEC347002043F9 /* RSSDataLoaderAdaptor.swift */ = {isa = PBXFileReference; lastKnownFileType = sourcecode.swift; path = RSSDataLoaderAdaptor.swift; sourceTree = "<group>"; };
		B563336D22EF007F002043F9 /* NotesAdaptor.swift */ = {isa = PBXFileReference; lastKnownFileType = sourcecode.swift; path = NotesAdaptor.swift; sourceTree = "<group>"; };
		B568EBE5229E5DDC002C67DA /* RSS-Reader.app */ = {isa = PBXFileReference; explicitFileType = wrapper.application; includeInIndex = 0; path = "RSS-Reader.app"; sourceTree = BUILT_PRODUCTS_DIR; };
		B568EBE8229E5DDC002C67DA /* AppDelegate.swift */ = {isa = PBXFileReference; lastKnownFileType = sourcecode.swift; path = AppDelegate.swift; sourceTree = "<group>"; };
		B568EBEA229E5DDC002C67DA /* ViewController.swift */ = {isa = PBXFileReference; lastKnownFileType = sourcecode.swift; path = ViewController.swift; sourceTree = "<group>"; };
		B568EBED229E5DDC002C67DA /* Base */ = {isa = PBXFileReference; lastKnownFileType = file.storyboard; name = Base; path = Base.lproj/Main.storyboard; sourceTree = "<group>"; };
		B568EBF0229E5DDC002C67DA /* RSS_Reader.xcdatamodel */ = {isa = PBXFileReference; lastKnownFileType = wrapper.xcdatamodel; path = RSS_Reader.xcdatamodel; sourceTree = "<group>"; };
		B568EBF2229E5DDD002C67DA /* Assets.xcassets */ = {isa = PBXFileReference; lastKnownFileType = folder.assetcatalog; path = Assets.xcassets; sourceTree = "<group>"; };
		B568EBF5229E5DDD002C67DA /* Base */ = {isa = PBXFileReference; lastKnownFileType = file.storyboard; name = Base; path = Base.lproj/LaunchScreen.storyboard; sourceTree = "<group>"; };
		B568EBF7229E5DDD002C67DA /* Info.plist */ = {isa = PBXFileReference; lastKnownFileType = text.plist.xml; path = Info.plist; sourceTree = "<group>"; };
		B568EBFC229E5DDD002C67DA /* RSS-ReaderTests.xctest */ = {isa = PBXFileReference; explicitFileType = wrapper.cfbundle; includeInIndex = 0; path = "RSS-ReaderTests.xctest"; sourceTree = BUILT_PRODUCTS_DIR; };
		B568EC00229E5DDD002C67DA /* RSS_ReaderTests.swift */ = {isa = PBXFileReference; lastKnownFileType = sourcecode.swift; path = RSS_ReaderTests.swift; sourceTree = "<group>"; };
		B568EC02229E5DDD002C67DA /* Info.plist */ = {isa = PBXFileReference; lastKnownFileType = text.plist.xml; path = Info.plist; sourceTree = "<group>"; };
		B568EC07229E5DDD002C67DA /* RSS-ReaderUITests.xctest */ = {isa = PBXFileReference; explicitFileType = wrapper.cfbundle; includeInIndex = 0; path = "RSS-ReaderUITests.xctest"; sourceTree = BUILT_PRODUCTS_DIR; };
		B568EC0B229E5DDD002C67DA /* RSS_ReaderUITests.swift */ = {isa = PBXFileReference; lastKnownFileType = sourcecode.swift; path = RSS_ReaderUITests.swift; sourceTree = "<group>"; };
		B568EC0D229E5DDD002C67DA /* Info.plist */ = {isa = PBXFileReference; lastKnownFileType = text.plist.xml; path = Info.plist; sourceTree = "<group>"; };
		B5C9716222D74BBF000BE928 /* FeedViewController.swift */ = {isa = PBXFileReference; lastKnownFileType = sourcecode.swift; path = FeedViewController.swift; sourceTree = "<group>"; };
		B5C9716422D74C77000BE928 /* FeedViewModel.swift */ = {isa = PBXFileReference; lastKnownFileType = sourcecode.swift; path = FeedViewModel.swift; sourceTree = "<group>"; };
		B5C9716622D74D78000BE928 /* FeedView.swift */ = {isa = PBXFileReference; lastKnownFileType = sourcecode.swift; path = FeedView.swift; sourceTree = "<group>"; };
		B5C9716C22D89346000BE928 /* FeedModel.swift */ = {isa = PBXFileReference; lastKnownFileType = sourcecode.swift; path = FeedModel.swift; sourceTree = "<group>"; };
		B5C9717122DA104F000BE928 /* FeedDetailViewController.swift */ = {isa = PBXFileReference; lastKnownFileType = sourcecode.swift; path = FeedDetailViewController.swift; sourceTree = "<group>"; };
		B5C9717622DA2829000BE928 /* BaseViewController.swift */ = {isa = PBXFileReference; lastKnownFileType = sourcecode.swift; path = BaseViewController.swift; sourceTree = "<group>"; };
		B5C9717922DA289F000BE928 /* LoaderViewController.swift */ = {isa = PBXFileReference; lastKnownFileType = sourcecode.swift; path = LoaderViewController.swift; sourceTree = "<group>"; };
		B5C9717D22DB10F3000BE928 /* FeedDetailViewModel.swift */ = {isa = PBXFileReference; lastKnownFileType = sourcecode.swift; path = FeedDetailViewModel.swift; sourceTree = "<group>"; };
/* End PBXFileReference section */

/* Begin PBXFrameworksBuildPhase section */
		B568EBE2229E5DDC002C67DA /* Frameworks */ = {
			isa = PBXFrameworksBuildPhase;
			buildActionMask = 2147483647;
			files = (
				B50D445922DF3DC800C5D0E8 /* RSSFeederLogin.framework in Frameworks */,
				B53423BE22DF05E300FB37B7 /* Notes.framework in Frameworks */,
				B50D445D22DF3DC800C5D0E8 /* RSSDataLoader.framework in Frameworks */,
			);
			runOnlyForDeploymentPostprocessing = 0;
		};
		B568EBF9229E5DDD002C67DA /* Frameworks */ = {
			isa = PBXFrameworksBuildPhase;
			buildActionMask = 2147483647;
			files = (
			);
			runOnlyForDeploymentPostprocessing = 0;
		};
		B568EC04229E5DDD002C67DA /* Frameworks */ = {
			isa = PBXFrameworksBuildPhase;
			buildActionMask = 2147483647;
			files = (
			);
			runOnlyForDeploymentPostprocessing = 0;
		};
/* End PBXFrameworksBuildPhase section */

/* Begin PBXGroup section */
		B50D444822DF3DBA00C5D0E8 /* Products */ = {
			isa = PBXGroup;
			children = (
				B50D444D22DF3DBA00C5D0E8 /* RSSDataLoader.framework */,
				B50D444F22DF3DBA00C5D0E8 /* RSSDataLoaderTests.xctest */,
			);
			name = Products;
			sourceTree = "<group>";
		};
		B50D445122DF3DBF00C5D0E8 /* Products */ = {
			isa = PBXGroup;
			children = (
				B50D445622DF3DBF00C5D0E8 /* RSSFeederLogin.framework */,
				B50D445822DF3DBF00C5D0E8 /* RSSFeederLoginTests.xctest */,
			);
			name = Products;
			sourceTree = "<group>";
		};
		B50D447222E6EA6D00C5D0E8 /* Settings */ = {
			isa = PBXGroup;
			children = (
				B50D447E22E85CFB00C5D0E8 /* SettingsModel.swift */,
				B50D447C22E7349A00C5D0E8 /* SetttingsViewModel.swift */,
				B50D447622E6EA8900C5D0E8 /* SettingsViewController.swift */,
				B50D447822E6EB3C00C5D0E8 /* SettingsView.swift */,
				B50D447A22E731D200C5D0E8 /* SettingsTableViewCell.swift */,
			);
			path = Settings;
			sourceTree = "<group>";
		};
		B50D448922EAE14700C5D0E8 /* Frameworks */ = {
			isa = PBXGroup;
			children = (
				B50D448A22EAE14700C5D0E8 /* NotificationCenter.framework */,
			);
			name = Frameworks;
			sourceTree = "<group>";
		};
		B50D448C22EAE14700C5D0E8 /* RSSReaderWidget */ = {
			isa = PBXGroup;
			children = (
				B50D448D22EAE14700C5D0E8 /* TodayViewController.swift */,
				B50D448F22EAE14700C5D0E8 /* MainInterface.storyboard */,
				B50D449222EAE14700C5D0E8 /* Info.plist */,
			);
			path = RSSReaderWidget;
			sourceTree = "<group>";
		};
		B53423B422DF05D900FB37B7 /* Products */ = {
			isa = PBXGroup;
			children = (
				B53423B922DF05D900FB37B7 /* Notes.framework */,
				B53423BB22DF05D900FB37B7 /* NotesTests.xctest */,
			);
			name = Products;
			sourceTree = "<group>";
		};
		B563336222EC91DF002043F9 /* Feed */ = {
			isa = PBXGroup;
			children = (
				B563336822EC92B0002043F9 /* FeedViewModelTests.swift */,
			);
			path = Feed;
			sourceTree = "<group>";
		};
		B563336A22EEC2F2002043F9 /* Third party Adaptors */ = {
			isa = PBXGroup;
			children = (
				B563336B22EEC347002043F9 /* RSSDataLoaderAdaptor.swift */,
				B563336D22EF007F002043F9 /* NotesAdaptor.swift */,
			);
			path = "Third party Adaptors";
			sourceTree = "<group>";
		};
		B568EBDC229E5DDC002C67DA = {
			isa = PBXGroup;
			children = (
				B50D445022DF3DBF00C5D0E8 /* RSSFeederLogin.xcodeproj */,
				B50D444722DF3DBA00C5D0E8 /* RSSDataLoader.xcodeproj */,
				B53423B322DF05D900FB37B7 /* Notes.xcodeproj */,
				B568EBE7229E5DDC002C67DA /* RSS-Reader */,
				B568EBFF229E5DDD002C67DA /* RSS-ReaderTests */,
				B568EC0A229E5DDD002C67DA /* RSS-ReaderUITests */,
				B50D448C22EAE14700C5D0E8 /* RSSReaderWidget */,
				B50D448922EAE14700C5D0E8 /* Frameworks */,
				B568EBE6229E5DDC002C67DA /* Products */,
			);
			sourceTree = "<group>";
		};
		B568EBE6229E5DDC002C67DA /* Products */ = {
			isa = PBXGroup;
			children = (
				B568EBE5229E5DDC002C67DA /* RSS-Reader.app */,
				B568EBFC229E5DDD002C67DA /* RSS-ReaderTests.xctest */,
				B568EC07229E5DDD002C67DA /* RSS-ReaderUITests.xctest */,
			);
			name = Products;
			sourceTree = "<group>";
		};
		B568EBE7229E5DDC002C67DA /* RSS-Reader */ = {
			isa = PBXGroup;
			children = (
				B563336A22EEC2F2002043F9 /* Third party Adaptors */,
				B50D447222E6EA6D00C5D0E8 /* Settings */,
				B5C9717822DA2885000BE928 /* Loader */,
				B5C9717322DA25D8000BE928 /* Base classes and Extensions */,
				B5C9717022DA1031000BE928 /* Feed Detail */,
				B5C9715F22D74BA3000BE928 /* Feed */,
				B568EBE8229E5DDC002C67DA /* AppDelegate.swift */,
				B568EBEA229E5DDC002C67DA /* ViewController.swift */,
				B568EBEC229E5DDC002C67DA /* Main.storyboard */,
				B568EBF2229E5DDD002C67DA /* Assets.xcassets */,
				B568EBF4229E5DDD002C67DA /* LaunchScreen.storyboard */,
				B568EBF7229E5DDD002C67DA /* Info.plist */,
				B568EBEF229E5DDC002C67DA /* RSS_Reader.xcdatamodeld */,
			);
			path = "RSS-Reader";
			sourceTree = "<group>";
		};
		B568EBFF229E5DDD002C67DA /* RSS-ReaderTests */ = {
			isa = PBXGroup;
			children = (
				B563336222EC91DF002043F9 /* Feed */,
				B568EC00229E5DDD002C67DA /* RSS_ReaderTests.swift */,
				B568EC02229E5DDD002C67DA /* Info.plist */,
			);
			path = "RSS-ReaderTests";
			sourceTree = "<group>";
		};
		B568EC0A229E5DDD002C67DA /* RSS-ReaderUITests */ = {
			isa = PBXGroup;
			children = (
				B568EC0B229E5DDD002C67DA /* RSS_ReaderUITests.swift */,
				B568EC0D229E5DDD002C67DA /* Info.plist */,
			);
			path = "RSS-ReaderUITests";
			sourceTree = "<group>";
		};
		B5C9715F22D74BA3000BE928 /* Feed */ = {
			isa = PBXGroup;
			children = (
				B5C9716C22D89346000BE928 /* FeedModel.swift */,
				B5C9716422D74C77000BE928 /* FeedViewModel.swift */,
				B5C9716222D74BBF000BE928 /* FeedViewController.swift */,
				B5C9716622D74D78000BE928 /* FeedView.swift */,
				B50D448222E98D5300C5D0E8 /* FeedListTableViewCell.swift */,
			);
			path = Feed;
			sourceTree = "<group>";
		};
		B5C9717022DA1031000BE928 /* Feed Detail */ = {
			isa = PBXGroup;
			children = (
				B5C9717122DA104F000BE928 /* FeedDetailViewController.swift */,
				B5C9717D22DB10F3000BE928 /* FeedDetailViewModel.swift */,
			);
			path = "Feed Detail";
			sourceTree = "<group>";
		};
		B5C9717322DA25D8000BE928 /* Base classes and Extensions */ = {
			isa = PBXGroup;
			children = (
				B5C9717622DA2829000BE928 /* BaseViewController.swift */,
				B50D448022E89C4E00C5D0E8 /* RSSReaderNavigationViewController.swift */,
			);
			path = "Base classes and Extensions";
			sourceTree = "<group>";
		};
		B5C9717822DA2885000BE928 /* Loader */ = {
			isa = PBXGroup;
			children = (
				B5C9717922DA289F000BE928 /* LoaderViewController.swift */,
			);
			path = Loader;
			sourceTree = "<group>";
		};
/* End PBXGroup section */

/* Begin PBXNativeTarget section */
		B568EBE4229E5DDC002C67DA /* RSS-Reader */ = {
			isa = PBXNativeTarget;
			buildConfigurationList = B568EC10229E5DDD002C67DA /* Build configuration list for PBXNativeTarget "RSS-Reader" */;
			buildPhases = (
				B568EBE1229E5DDC002C67DA /* Sources */,
				B568EBE2229E5DDC002C67DA /* Frameworks */,
				B568EBE3229E5DDC002C67DA /* Resources */,
				B5CF275922D33CB000E4979B /* Embed Frameworks */,
				B50D449922EAE14700C5D0E8 /* Embed App Extensions */,
			);
			buildRules = (
			);
			dependencies = (
				B53423C122DF05E300FB37B7 /* PBXTargetDependency */,
				B50D445C22DF3DC800C5D0E8 /* PBXTargetDependency */,
				B50D446022DF3DC800C5D0E8 /* PBXTargetDependency */,
			);
			name = "RSS-Reader";
			productName = "RSS-Reader";
			productReference = B568EBE5229E5DDC002C67DA /* RSS-Reader.app */;
			productType = "com.apple.product-type.application";
		};
		B568EBFB229E5DDD002C67DA /* RSS-ReaderTests */ = {
			isa = PBXNativeTarget;
			buildConfigurationList = B568EC13229E5DDD002C67DA /* Build configuration list for PBXNativeTarget "RSS-ReaderTests" */;
			buildPhases = (
				B568EBF8229E5DDD002C67DA /* Sources */,
				B568EBF9229E5DDD002C67DA /* Frameworks */,
				B568EBFA229E5DDD002C67DA /* Resources */,
			);
			buildRules = (
			);
			dependencies = (
				B568EBFE229E5DDD002C67DA /* PBXTargetDependency */,
			);
			name = "RSS-ReaderTests";
			productName = "RSS-ReaderTests";
			productReference = B568EBFC229E5DDD002C67DA /* RSS-ReaderTests.xctest */;
			productType = "com.apple.product-type.bundle.unit-test";
		};
		B568EC06229E5DDD002C67DA /* RSS-ReaderUITests */ = {
			isa = PBXNativeTarget;
			buildConfigurationList = B568EC16229E5DDD002C67DA /* Build configuration list for PBXNativeTarget "RSS-ReaderUITests" */;
			buildPhases = (
				B568EC03229E5DDD002C67DA /* Sources */,
				B568EC04229E5DDD002C67DA /* Frameworks */,
				B568EC05229E5DDD002C67DA /* Resources */,
			);
			buildRules = (
			);
			dependencies = (
				B568EC09229E5DDD002C67DA /* PBXTargetDependency */,
			);
			name = "RSS-ReaderUITests";
			productName = "RSS-ReaderUITests";
			productReference = B568EC07229E5DDD002C67DA /* RSS-ReaderUITests.xctest */;
			productType = "com.apple.product-type.bundle.ui-testing";
		};
/* End PBXNativeTarget section */

/* Begin PBXProject section */
		B568EBDD229E5DDC002C67DA /* Project object */ = {
			isa = PBXProject;
			attributes = {
				LastSwiftUpdateCheck = 1020;
				LastUpgradeCheck = 1020;
				ORGANIZATIONNAME = "Santhosh Nampally";
				TargetAttributes = {
					B568EBE4229E5DDC002C67DA = {
						CreatedOnToolsVersion = 10.2.1;
					};
					B568EBFB229E5DDD002C67DA = {
						CreatedOnToolsVersion = 10.2.1;
						TestTargetID = B568EBE4229E5DDC002C67DA;
					};
					B568EC06229E5DDD002C67DA = {
						CreatedOnToolsVersion = 10.2.1;
						TestTargetID = B568EBE4229E5DDC002C67DA;
					};
				};
			};
			buildConfigurationList = B568EBE0229E5DDC002C67DA /* Build configuration list for PBXProject "RSS-Reader" */;
			compatibilityVersion = "Xcode 9.3";
			developmentRegion = en;
			hasScannedForEncodings = 0;
			knownRegions = (
				en,
				Base,
			);
			mainGroup = B568EBDC229E5DDC002C67DA;
			productRefGroup = B568EBE6229E5DDC002C67DA /* Products */;
			projectDirPath = "";
			projectReferences = (
				{
					ProductGroup = B53423B422DF05D900FB37B7 /* Products */;
					ProjectRef = B53423B322DF05D900FB37B7 /* Notes.xcodeproj */;
				},
				{
					ProductGroup = B50D444822DF3DBA00C5D0E8 /* Products */;
					ProjectRef = B50D444722DF3DBA00C5D0E8 /* RSSDataLoader.xcodeproj */;
				},
				{
					ProductGroup = B50D445122DF3DBF00C5D0E8 /* Products */;
					ProjectRef = B50D445022DF3DBF00C5D0E8 /* RSSFeederLogin.xcodeproj */;
				},
			);
			projectRoot = "";
			targets = (
				B568EBE4229E5DDC002C67DA /* RSS-Reader */,
				B568EBFB229E5DDD002C67DA /* RSS-ReaderTests */,
				B568EC06229E5DDD002C67DA /* RSS-ReaderUITests */,
			);
		};
/* End PBXProject section */

/* Begin PBXReferenceProxy section */
		B50D444D22DF3DBA00C5D0E8 /* RSSDataLoader.framework */ = {
			isa = PBXReferenceProxy;
			fileType = wrapper.framework;
			path = RSSDataLoader.framework;
			remoteRef = B50D444C22DF3DBA00C5D0E8 /* PBXContainerItemProxy */;
			sourceTree = BUILT_PRODUCTS_DIR;
		};
		B50D444F22DF3DBA00C5D0E8 /* RSSDataLoaderTests.xctest */ = {
			isa = PBXReferenceProxy;
			fileType = wrapper.cfbundle;
			path = RSSDataLoaderTests.xctest;
			remoteRef = B50D444E22DF3DBA00C5D0E8 /* PBXContainerItemProxy */;
			sourceTree = BUILT_PRODUCTS_DIR;
		};
		B50D445622DF3DBF00C5D0E8 /* RSSFeederLogin.framework */ = {
			isa = PBXReferenceProxy;
			fileType = wrapper.framework;
			path = RSSFeederLogin.framework;
			remoteRef = B50D445522DF3DBF00C5D0E8 /* PBXContainerItemProxy */;
			sourceTree = BUILT_PRODUCTS_DIR;
		};
		B50D445822DF3DBF00C5D0E8 /* RSSFeederLoginTests.xctest */ = {
			isa = PBXReferenceProxy;
			fileType = wrapper.cfbundle;
			path = RSSFeederLoginTests.xctest;
			remoteRef = B50D445722DF3DBF00C5D0E8 /* PBXContainerItemProxy */;
			sourceTree = BUILT_PRODUCTS_DIR;
		};
		B53423B922DF05D900FB37B7 /* Notes.framework */ = {
			isa = PBXReferenceProxy;
			fileType = wrapper.framework;
			path = Notes.framework;
			remoteRef = B53423B822DF05D900FB37B7 /* PBXContainerItemProxy */;
			sourceTree = BUILT_PRODUCTS_DIR;
		};
		B53423BB22DF05D900FB37B7 /* NotesTests.xctest */ = {
			isa = PBXReferenceProxy;
			fileType = wrapper.cfbundle;
			path = NotesTests.xctest;
			remoteRef = B53423BA22DF05D900FB37B7 /* PBXContainerItemProxy */;
			sourceTree = BUILT_PRODUCTS_DIR;
		};
/* End PBXReferenceProxy section */

/* Begin PBXResourcesBuildPhase section */
		B568EBE3229E5DDC002C67DA /* Resources */ = {
			isa = PBXResourcesBuildPhase;
			buildActionMask = 2147483647;
			files = (
				B568EBF6229E5DDD002C67DA /* LaunchScreen.storyboard in Resources */,
				B568EBF3229E5DDD002C67DA /* Assets.xcassets in Resources */,
				B568EBEE229E5DDC002C67DA /* Main.storyboard in Resources */,
			);
			runOnlyForDeploymentPostprocessing = 0;
		};
		B568EBFA229E5DDD002C67DA /* Resources */ = {
			isa = PBXResourcesBuildPhase;
			buildActionMask = 2147483647;
			files = (
			);
			runOnlyForDeploymentPostprocessing = 0;
		};
		B568EC05229E5DDD002C67DA /* Resources */ = {
			isa = PBXResourcesBuildPhase;
			buildActionMask = 2147483647;
			files = (
			);
			runOnlyForDeploymentPostprocessing = 0;
		};
/* End PBXResourcesBuildPhase section */

/* Begin PBXSourcesBuildPhase section */
		B568EBE1229E5DDC002C67DA /* Sources */ = {
			isa = PBXSourcesBuildPhase;
			buildActionMask = 2147483647;
			files = (
				B50D447F22E85CFB00C5D0E8 /* SettingsModel.swift in Sources */,
				B563336E22EF007F002043F9 /* NotesAdaptor.swift in Sources */,
				B50D448322E98D5300C5D0E8 /* FeedListTableViewCell.swift in Sources */,
				B50D447922E6EB3C00C5D0E8 /* SettingsView.swift in Sources */,
				B50D448122E89C4E00C5D0E8 /* RSSReaderNavigationViewController.swift in Sources */,
				B5C9716522D74C77000BE928 /* FeedViewModel.swift in Sources */,
				B5C9716D22D89346000BE928 /* FeedModel.swift in Sources */,
				B5C9717722DA2829000BE928 /* BaseViewController.swift in Sources */,
				B568EBEB229E5DDC002C67DA /* ViewController.swift in Sources */,
				B568EBF1229E5DDC002C67DA /* RSS_Reader.xcdatamodeld in Sources */,
				B5C9716322D74BBF000BE928 /* FeedViewController.swift in Sources */,
				B5C9717B22DA289F000BE928 /* LoaderViewController.swift in Sources */,
				B5C9717E22DB10F3000BE928 /* FeedDetailViewModel.swift in Sources */,
				B50D447B22E731D200C5D0E8 /* SettingsTableViewCell.swift in Sources */,
				B563336C22EEC347002043F9 /* RSSDataLoaderAdaptor.swift in Sources */,
				B50D447722E6EA8900C5D0E8 /* SettingsViewController.swift in Sources */,
				B5C9716722D74D78000BE928 /* FeedView.swift in Sources */,
				B568EBE9229E5DDC002C67DA /* AppDelegate.swift in Sources */,
				B50D447D22E7349A00C5D0E8 /* SetttingsViewModel.swift in Sources */,
				B5C9717222DA104F000BE928 /* FeedDetailViewController.swift in Sources */,
			);
			runOnlyForDeploymentPostprocessing = 0;
		};
		B568EBF8229E5DDD002C67DA /* Sources */ = {
			isa = PBXSourcesBuildPhase;
			buildActionMask = 2147483647;
			files = (
				B563336922EC92B0002043F9 /* FeedViewModelTests.swift in Sources */,
				B568EC01229E5DDD002C67DA /* RSS_ReaderTests.swift in Sources */,
			);
			runOnlyForDeploymentPostprocessing = 0;
		};
		B568EC03229E5DDD002C67DA /* Sources */ = {
			isa = PBXSourcesBuildPhase;
			buildActionMask = 2147483647;
			files = (
				B568EC0C229E5DDD002C67DA /* RSS_ReaderUITests.swift in Sources */,
			);
			runOnlyForDeploymentPostprocessing = 0;
		};
/* End PBXSourcesBuildPhase section */

/* Begin PBXTargetDependency section */
		B50D445C22DF3DC800C5D0E8 /* PBXTargetDependency */ = {
			isa = PBXTargetDependency;
			name = RSSFeederLogin;
			targetProxy = B50D445B22DF3DC800C5D0E8 /* PBXContainerItemProxy */;
		};
		B50D446022DF3DC800C5D0E8 /* PBXTargetDependency */ = {
			isa = PBXTargetDependency;
			name = RSSDataLoader;
			targetProxy = B50D445F22DF3DC800C5D0E8 /* PBXContainerItemProxy */;
		};
		B53423C122DF05E300FB37B7 /* PBXTargetDependency */ = {
			isa = PBXTargetDependency;
			name = Notes;
			targetProxy = B53423C022DF05E300FB37B7 /* PBXContainerItemProxy */;
		};
		B568EBFE229E5DDD002C67DA /* PBXTargetDependency */ = {
			isa = PBXTargetDependency;
			target = B568EBE4229E5DDC002C67DA /* RSS-Reader */;
			targetProxy = B568EBFD229E5DDD002C67DA /* PBXContainerItemProxy */;
		};
		B568EC09229E5DDD002C67DA /* PBXTargetDependency */ = {
			isa = PBXTargetDependency;
			target = B568EBE4229E5DDC002C67DA /* RSS-Reader */;
			targetProxy = B568EC08229E5DDD002C67DA /* PBXContainerItemProxy */;
		};
/* End PBXTargetDependency section */

/* Begin PBXVariantGroup section */
		B50D448F22EAE14700C5D0E8 /* MainInterface.storyboard */ = {
			isa = PBXVariantGroup;
			children = (
				B50D449022EAE14700C5D0E8 /* Base */,
			);
			name = MainInterface.storyboard;
			sourceTree = "<group>";
		};
		B568EBEC229E5DDC002C67DA /* Main.storyboard */ = {
			isa = PBXVariantGroup;
			children = (
				B568EBED229E5DDC002C67DA /* Base */,
			);
			name = Main.storyboard;
			sourceTree = "<group>";
		};
		B568EBF4229E5DDD002C67DA /* LaunchScreen.storyboard */ = {
			isa = PBXVariantGroup;
			children = (
				B568EBF5229E5DDD002C67DA /* Base */,
			);
			name = LaunchScreen.storyboard;
			sourceTree = "<group>";
		};
/* End PBXVariantGroup section */

/* Begin XCBuildConfiguration section */
		B568EC0E229E5DDD002C67DA /* Debug */ = {
			isa = XCBuildConfiguration;
			buildSettings = {
				ALWAYS_SEARCH_USER_PATHS = NO;
				CLANG_ANALYZER_NONNULL = YES;
				CLANG_ANALYZER_NUMBER_OBJECT_CONVERSION = YES_AGGRESSIVE;
				CLANG_CXX_LANGUAGE_STANDARD = "gnu++14";
				CLANG_CXX_LIBRARY = "libc++";
				CLANG_ENABLE_MODULES = YES;
				CLANG_ENABLE_OBJC_ARC = YES;
				CLANG_ENABLE_OBJC_WEAK = YES;
				CLANG_WARN_BLOCK_CAPTURE_AUTORELEASING = YES;
				CLANG_WARN_BOOL_CONVERSION = YES;
				CLANG_WARN_COMMA = YES;
				CLANG_WARN_CONSTANT_CONVERSION = YES;
				CLANG_WARN_DEPRECATED_OBJC_IMPLEMENTATIONS = YES;
				CLANG_WARN_DIRECT_OBJC_ISA_USAGE = YES_ERROR;
				CLANG_WARN_DOCUMENTATION_COMMENTS = YES;
				CLANG_WARN_EMPTY_BODY = YES;
				CLANG_WARN_ENUM_CONVERSION = YES;
				CLANG_WARN_INFINITE_RECURSION = YES;
				CLANG_WARN_INT_CONVERSION = YES;
				CLANG_WARN_NON_LITERAL_NULL_CONVERSION = YES;
				CLANG_WARN_OBJC_IMPLICIT_RETAIN_SELF = YES;
				CLANG_WARN_OBJC_LITERAL_CONVERSION = YES;
				CLANG_WARN_OBJC_ROOT_CLASS = YES_ERROR;
				CLANG_WARN_RANGE_LOOP_ANALYSIS = YES;
				CLANG_WARN_STRICT_PROTOTYPES = YES;
				CLANG_WARN_SUSPICIOUS_MOVE = YES;
				CLANG_WARN_UNGUARDED_AVAILABILITY = YES_AGGRESSIVE;
				CLANG_WARN_UNREACHABLE_CODE = YES;
				CLANG_WARN__DUPLICATE_METHOD_MATCH = YES;
				CODE_SIGN_IDENTITY = "iPhone Developer";
				COPY_PHASE_STRIP = NO;
				DEBUG_INFORMATION_FORMAT = dwarf;
				ENABLE_STRICT_OBJC_MSGSEND = YES;
				ENABLE_TESTABILITY = YES;
				GCC_C_LANGUAGE_STANDARD = gnu11;
				GCC_DYNAMIC_NO_PIC = NO;
				GCC_NO_COMMON_BLOCKS = YES;
				GCC_OPTIMIZATION_LEVEL = 0;
				GCC_PREPROCESSOR_DEFINITIONS = (
					"DEBUG=1",
					"$(inherited)",
				);
				GCC_WARN_64_TO_32_BIT_CONVERSION = YES;
				GCC_WARN_ABOUT_RETURN_TYPE = YES_ERROR;
				GCC_WARN_UNDECLARED_SELECTOR = YES;
				GCC_WARN_UNINITIALIZED_AUTOS = YES_AGGRESSIVE;
				GCC_WARN_UNUSED_FUNCTION = YES;
				GCC_WARN_UNUSED_VARIABLE = YES;
				IPHONEOS_DEPLOYMENT_TARGET = 12.2;
				MTL_ENABLE_DEBUG_INFO = INCLUDE_SOURCE;
				MTL_FAST_MATH = YES;
				ONLY_ACTIVE_ARCH = YES;
				SDKROOT = iphoneos;
				SWIFT_ACTIVE_COMPILATION_CONDITIONS = DEBUG;
				SWIFT_OPTIMIZATION_LEVEL = "-Onone";
			};
			name = Debug;
		};
		B568EC0F229E5DDD002C67DA /* Release */ = {
			isa = XCBuildConfiguration;
			buildSettings = {
				ALWAYS_SEARCH_USER_PATHS = NO;
				CLANG_ANALYZER_NONNULL = YES;
				CLANG_ANALYZER_NUMBER_OBJECT_CONVERSION = YES_AGGRESSIVE;
				CLANG_CXX_LANGUAGE_STANDARD = "gnu++14";
				CLANG_CXX_LIBRARY = "libc++";
				CLANG_ENABLE_MODULES = YES;
				CLANG_ENABLE_OBJC_ARC = YES;
				CLANG_ENABLE_OBJC_WEAK = YES;
				CLANG_WARN_BLOCK_CAPTURE_AUTORELEASING = YES;
				CLANG_WARN_BOOL_CONVERSION = YES;
				CLANG_WARN_COMMA = YES;
				CLANG_WARN_CONSTANT_CONVERSION = YES;
				CLANG_WARN_DEPRECATED_OBJC_IMPLEMENTATIONS = YES;
				CLANG_WARN_DIRECT_OBJC_ISA_USAGE = YES_ERROR;
				CLANG_WARN_DOCUMENTATION_COMMENTS = YES;
				CLANG_WARN_EMPTY_BODY = YES;
				CLANG_WARN_ENUM_CONVERSION = YES;
				CLANG_WARN_INFINITE_RECURSION = YES;
				CLANG_WARN_INT_CONVERSION = YES;
				CLANG_WARN_NON_LITERAL_NULL_CONVERSION = YES;
				CLANG_WARN_OBJC_IMPLICIT_RETAIN_SELF = YES;
				CLANG_WARN_OBJC_LITERAL_CONVERSION = YES;
				CLANG_WARN_OBJC_ROOT_CLASS = YES_ERROR;
				CLANG_WARN_RANGE_LOOP_ANALYSIS = YES;
				CLANG_WARN_STRICT_PROTOTYPES = YES;
				CLANG_WARN_SUSPICIOUS_MOVE = YES;
				CLANG_WARN_UNGUARDED_AVAILABILITY = YES_AGGRESSIVE;
				CLANG_WARN_UNREACHABLE_CODE = YES;
				CLANG_WARN__DUPLICATE_METHOD_MATCH = YES;
				CODE_SIGN_IDENTITY = "iPhone Developer";
				COPY_PHASE_STRIP = NO;
				DEBUG_INFORMATION_FORMAT = "dwarf-with-dsym";
				ENABLE_NS_ASSERTIONS = NO;
				ENABLE_STRICT_OBJC_MSGSEND = YES;
				GCC_C_LANGUAGE_STANDARD = gnu11;
				GCC_NO_COMMON_BLOCKS = YES;
				GCC_WARN_64_TO_32_BIT_CONVERSION = YES;
				GCC_WARN_ABOUT_RETURN_TYPE = YES_ERROR;
				GCC_WARN_UNDECLARED_SELECTOR = YES;
				GCC_WARN_UNINITIALIZED_AUTOS = YES_AGGRESSIVE;
				GCC_WARN_UNUSED_FUNCTION = YES;
				GCC_WARN_UNUSED_VARIABLE = YES;
				IPHONEOS_DEPLOYMENT_TARGET = 12.2;
				MTL_ENABLE_DEBUG_INFO = NO;
				MTL_FAST_MATH = YES;
				SDKROOT = iphoneos;
				SWIFT_COMPILATION_MODE = wholemodule;
				SWIFT_OPTIMIZATION_LEVEL = "-O";
				VALIDATE_PRODUCT = YES;
			};
			name = Release;
		};
		B568EC11229E5DDD002C67DA /* Debug */ = {
			isa = XCBuildConfiguration;
			buildSettings = {
				ALWAYS_EMBED_SWIFT_STANDARD_LIBRARIES = YES;
				ASSETCATALOG_COMPILER_APPICON_NAME = AppIcon;
				CODE_SIGN_STYLE = Automatic;
				INFOPLIST_FILE = "RSS-Reader/Info.plist";
				LD_RUNPATH_SEARCH_PATHS = (
					"$(inherited)",
					"@executable_path/Frameworks",
				);
				PRODUCT_BUNDLE_IDENTIFIER = "Epam.RSS-Reader";
				PRODUCT_NAME = "$(TARGET_NAME)";
				SWIFT_VERSION = 5.0;
				TARGETED_DEVICE_FAMILY = "1,2";
			};
			name = Debug;
		};
		B568EC12229E5DDD002C67DA /* Release */ = {
			isa = XCBuildConfiguration;
			buildSettings = {
				ALWAYS_EMBED_SWIFT_STANDARD_LIBRARIES = YES;
				ASSETCATALOG_COMPILER_APPICON_NAME = AppIcon;
				CODE_SIGN_STYLE = Automatic;
				INFOPLIST_FILE = "RSS-Reader/Info.plist";
				LD_RUNPATH_SEARCH_PATHS = (
					"$(inherited)",
					"@executable_path/Frameworks",
				);
				PRODUCT_BUNDLE_IDENTIFIER = "Epam.RSS-Reader";
				PRODUCT_NAME = "$(TARGET_NAME)";
				SWIFT_VERSION = 5.0;
				TARGETED_DEVICE_FAMILY = "1,2";
			};
			name = Release;
		};
		B568EC14229E5DDD002C67DA /* Debug */ = {
			isa = XCBuildConfiguration;
			buildSettings = {
				ALWAYS_EMBED_SWIFT_STANDARD_LIBRARIES = YES;
				BUNDLE_LOADER = "$(TEST_HOST)";
				CODE_SIGN_STYLE = Automatic;
				INFOPLIST_FILE = "RSS-ReaderTests/Info.plist";
				LD_RUNPATH_SEARCH_PATHS = (
					"$(inherited)",
					"@executable_path/Frameworks",
					"@loader_path/Frameworks",
				);
				PRODUCT_BUNDLE_IDENTIFIER = "Epam.RSS-ReaderTests";
				PRODUCT_NAME = "$(TARGET_NAME)";
				SWIFT_VERSION = 5.0;
				TARGETED_DEVICE_FAMILY = "1,2";
				TEST_HOST = "$(BUILT_PRODUCTS_DIR)/RSS-Reader.app/RSS-Reader";
			};
			name = Debug;
		};
		B568EC15229E5DDD002C67DA /* Release */ = {
			isa = XCBuildConfiguration;
			buildSettings = {
				ALWAYS_EMBED_SWIFT_STANDARD_LIBRARIES = YES;
				BUNDLE_LOADER = "$(TEST_HOST)";
				CODE_SIGN_STYLE = Automatic;
				INFOPLIST_FILE = "RSS-ReaderTests/Info.plist";
				LD_RUNPATH_SEARCH_PATHS = (
					"$(inherited)",
					"@executable_path/Frameworks",
					"@loader_path/Frameworks",
				);
				PRODUCT_BUNDLE_IDENTIFIER = "Epam.RSS-ReaderTests";
				PRODUCT_NAME = "$(TARGET_NAME)";
				SWIFT_VERSION = 5.0;
				TARGETED_DEVICE_FAMILY = "1,2";
				TEST_HOST = "$(BUILT_PRODUCTS_DIR)/RSS-Reader.app/RSS-Reader";
			};
			name = Release;
		};
		B568EC17229E5DDD002C67DA /* Debug */ = {
			isa = XCBuildConfiguration;
			buildSettings = {
				ALWAYS_EMBED_SWIFT_STANDARD_LIBRARIES = YES;
				CODE_SIGN_STYLE = Automatic;
				INFOPLIST_FILE = "RSS-ReaderUITests/Info.plist";
				LD_RUNPATH_SEARCH_PATHS = (
					"$(inherited)",
					"@executable_path/Frameworks",
					"@loader_path/Frameworks",
				);
				PRODUCT_BUNDLE_IDENTIFIER = "Epam.RSS-ReaderUITests";
				PRODUCT_NAME = "$(TARGET_NAME)";
				SWIFT_VERSION = 5.0;
				TARGETED_DEVICE_FAMILY = "1,2";
				TEST_TARGET_NAME = "RSS-Reader";
			};
			name = Debug;
		};
		B568EC18229E5DDD002C67DA /* Release */ = {
			isa = XCBuildConfiguration;
			buildSettings = {
				ALWAYS_EMBED_SWIFT_STANDARD_LIBRARIES = YES;
				CODE_SIGN_STYLE = Automatic;
				INFOPLIST_FILE = "RSS-ReaderUITests/Info.plist";
				LD_RUNPATH_SEARCH_PATHS = (
					"$(inherited)",
					"@executable_path/Frameworks",
					"@loader_path/Frameworks",
				);
				PRODUCT_BUNDLE_IDENTIFIER = "Epam.RSS-ReaderUITests";
				PRODUCT_NAME = "$(TARGET_NAME)";
				SWIFT_VERSION = 5.0;
				TARGETED_DEVICE_FAMILY = "1,2";
				TEST_TARGET_NAME = "RSS-Reader";
			};
			name = Release;
		};
/* End XCBuildConfiguration section */

/* Begin XCConfigurationList section */
		B568EBE0229E5DDC002C67DA /* Build configuration list for PBXProject "RSS-Reader" */ = {
			isa = XCConfigurationList;
			buildConfigurations = (
				B568EC0E229E5DDD002C67DA /* Debug */,
				B568EC0F229E5DDD002C67DA /* Release */,
			);
			defaultConfigurationIsVisible = 0;
			defaultConfigurationName = Release;
		};
		B568EC10229E5DDD002C67DA /* Build configuration list for PBXNativeTarget "RSS-Reader" */ = {
			isa = XCConfigurationList;
			buildConfigurations = (
				B568EC11229E5DDD002C67DA /* Debug */,
				B568EC12229E5DDD002C67DA /* Release */,
			);
			defaultConfigurationIsVisible = 0;
			defaultConfigurationName = Release;
		};
		B568EC13229E5DDD002C67DA /* Build configuration list for PBXNativeTarget "RSS-ReaderTests" */ = {
			isa = XCConfigurationList;
			buildConfigurations = (
				B568EC14229E5DDD002C67DA /* Debug */,
				B568EC15229E5DDD002C67DA /* Release */,
			);
			defaultConfigurationIsVisible = 0;
			defaultConfigurationName = Release;
		};
		B568EC16229E5DDD002C67DA /* Build configuration list for PBXNativeTarget "RSS-ReaderUITests" */ = {
			isa = XCConfigurationList;
			buildConfigurations = (
				B568EC17229E5DDD002C67DA /* Debug */,
				B568EC18229E5DDD002C67DA /* Release */,
			);
			defaultConfigurationIsVisible = 0;
			defaultConfigurationName = Release;
		};
/* End XCConfigurationList section */

/* Begin XCVersionGroup section */
		B568EBEF229E5DDC002C67DA /* RSS_Reader.xcdatamodeld */ = {
			isa = XCVersionGroup;
			children = (
				B568EBF0229E5DDC002C67DA /* RSS_Reader.xcdatamodel */,
			);
			currentVersion = B568EBF0229E5DDC002C67DA /* RSS_Reader.xcdatamodel */;
			path = RSS_Reader.xcdatamodeld;
			sourceTree = "<group>";
			versionGroupType = wrapper.xcdatamodel;
		};
/* End XCVersionGroup section */
	};
	rootObject = B568EBDD229E5DDC002C67DA /* Project object */;
}
